
Microsoft Visual Studio Solution File, Format Version 12.00
# Visual Studio 2013
VisualStudioVersion = 12.0.31101.0
MinimumVisualStudioVersion = 10.0.40219.1
Project("{2150E333-8FDC-42A3-9474-1A3956D46DE8}") = "Executive", "Executive", "{132C63A9-C53F-4AB6-9DCB-1FB2A60CD113}"
EndProject
Project("{2150E333-8FDC-42A3-9474-1A3956D46DE8}") = "Catalog", "Catalog", "{B443D5C4-0D62-4A2A-A785-9FD1D4C30894}"
EndProject
Project("{2150E333-8FDC-42A3-9474-1A3956D46DE8}") = "FileManager", "FileManager", "{A87E48B4-BA15-4C16-B5DF-D1820DE5C2DB}"
EndProject
Project("{8BC9CEB8-8B4A-11D0-8D11-00A0C91BC942}") = "FileSystem", "FileSystem\FileSystem.vcxproj", "{DED981AD-6214-4548-8F75-6B7333197851}"
EndProject
Project("{8BC9CEB8-8B4A-11D0-8D11-00A0C91BC942}") = "FileDataStore", "DataStore\DataStore.vcxproj", "{381F6F13-0844-4367-9C67-85E9A15505BC}"
EndProject
Project("{8BC9CEB8-8B4A-11D0-8D11-00A0C91BC942}") = "FileManager", "FileManager\FileManager.vcxproj", "{AC131BCC-5E92-4A29-9F23-610C20A4A5C5}"
EndProject
Project("{8BC9CEB8-8B4A-11D0-8D11-00A0C91BC942}") = "Catalog", "Catalog\Catalog.vcxproj", "{433DBE84-CEE7-4AA5-878F-50FA263C7E7A}"
EndProject
Project("{8BC9CEB8-8B4A-11D0-8D11-00A0C91BC942}") = "Executive", "Executive\Executive.vcxproj", "{E5D3700C-B7C6-4701-BA94-38DA9B6F4BF5}"
EndProject
Project("{2150E333-8FDC-42A3-9474-1A3956D46DE8}") = "Display", "Display", "{81D8766E-FBD9-48B0-A23E-6C0F2BA25349}"
EndProject
Project("{8BC9CEB8-8B4A-11D0-8D11-00A0C91BC942}") = "Display", "Display\Display.vcxproj", "{D387DC7D-CA10-47BC-B703-709BB03FC3A2}"
EndProject
Project("{2150E333-8FDC-42A3-9474-1A3956D46DE8}") = "InputParser", "InputParser", "{73FC5C06-9665-4BC4-893D-987172B5B56A}"
EndProject
Project("{8BC9CEB8-8B4A-11D0-8D11-00A0C91BC942}") = "InputParser", "InputParser\InputParser.vcxproj", "{12B4AD86-B27C-46EE-A3BC-DADEB6E098D6}"
EndProject
Global
	GlobalSection(SolutionConfigurationPlatforms) = preSolution
		Debug|Win32 = Debug|Win32
		Release|Win32 = Release|Win32
	EndGlobalSection
	GlobalSection(ProjectConfigurationPlatforms) = postSolution
		{DED981AD-6214-4548-8F75-6B7333197851}.Debug|Win32.ActiveCfg = Debug|Win32
		{DED981AD-6214-4548-8F75-6B7333197851}.Debug|Win32.Build.0 = Debug|Win32
		{DED981AD-6214-4548-8F75-6B7333197851}.Release|Win32.ActiveCfg = Release|Win32
		{DED981AD-6214-4548-8F75-6B7333197851}.Release|Win32.Build.0 = Release|Win32
		{381F6F13-0844-4367-9C67-85E9A15505BC}.Debug|Win32.ActiveCfg = Debug|Win32
		{381F6F13-0844-4367-9C67-85E9A15505BC}.Debug|Win32.Build.0 = Debug|Win32
		{381F6F13-0844-4367-9C67-85E9A15505BC}.Release|Win32.ActiveCfg = Release|Win32
		{381F6F13-0844-4367-9C67-85E9A15505BC}.Release|Win32.Build.0 = Release|Win32
		{AC131BCC-5E92-4A29-9F23-610C20A4A5C5}.Debug|Win32.ActiveCfg = Debug|Win32
		{AC131BCC-5E92-4A29-9F23-610C20A4A5C5}.Debug|Win32.Build.0 = Debug|Win32
		{AC131BCC-5E92-4A29-9F23-610C20A4A5C5}.Release|Win32.ActiveCfg = Release|Win32
		{AC131BCC-5E92-4A29-9F23-610C20A4A5C5}.Release|Win32.Build.0 = Release|Win32
		{433DBE84-CEE7-4AA5-878F-50FA263C7E7A}.Debug|Win32.ActiveCfg = Debug|Win32
		{433DBE84-CEE7-4AA5-878F-50FA263C7E7A}.Debug|Win32.Build.0 = Debug|Win32
		{433DBE84-CEE7-4AA5-878F-50FA263C7E7A}.Release|Win32.ActiveCfg = Release|Win32
		{433DBE84-CEE7-4AA5-878F-50FA263C7E7A}.Release|Win32.Build.0 = Release|Win32
		{E5D3700C-B7C6-4701-BA94-38DA9B6F4BF5}.Debug|Win32.ActiveCfg = Debug|Win32
		{E5D3700C-B7C6-4701-BA94-38DA9B6F4BF5}.Debug|Win32.Build.0 = Debug|Win32
		{E5D3700C-B7C6-4701-BA94-38DA9B6F4BF5}.Release|Win32.ActiveCfg = Release|Win32
		{E5D3700C-B7C6-4701-BA94-38DA9B6F4BF5}.Release|Win32.Build.0 = Release|Win32
		{D387DC7D-CA10-47BC-B703-709BB03FC3A2}.Debug|Win32.ActiveCfg = Debug|Win32
		{D387DC7D-CA10-47BC-B703-709BB03FC3A2}.Debug|Win32.Build.0 = Debug|Win32
		{D387DC7D-CA10-47BC-B703-709BB03FC3A2}.Release|Win32.ActiveCfg = Release|Win32
		{D387DC7D-CA10-47BC-B703-709BB03FC3A2}.Release|Win32.Build.0 = Release|Win32
		{12B4AD86-B27C-46EE-A3BC-DADEB6E098D6}.Debug|Win32.ActiveCfg = Debug|Win32
		{12B4AD86-B27C-46EE-A3BC-DADEB6E098D6}.Debug|Win32.Build.0 = Debug|Win32
		{12B4AD86-B27C-46EE-A3BC-DADEB6E098D6}.Release|Win32.ActiveCfg = Release|Win32
		{12B4AD86-B27C-46EE-A3BC-DADEB6E098D6}.Release|Win32.Build.0 = Release|Win32
	EndGlobalSection
	GlobalSection(SolutionProperties) = preSolution
		HideSolutionNode = FALSE
	EndGlobalSection
	GlobalSection(NestedProjects) = preSolution
		{DED981AD-6214-4548-8F75-6B7333197851} = {A87E48B4-BA15-4C16-B5DF-D1820DE5C2DB}
		{381F6F13-0844-4367-9C67-85E9A15505BC} = {B443D5C4-0D62-4A2A-A785-9FD1D4C30894}
		{AC131BCC-5E92-4A29-9F23-610C20A4A5C5} = {A87E48B4-BA15-4C16-B5DF-D1820DE5C2DB}
		{433DBE84-CEE7-4AA5-878F-50FA263C7E7A} = {B443D5C4-0D62-4A2A-A785-9FD1D4C30894}
		{E5D3700C-B7C6-4701-BA94-38DA9B6F4BF5} = {132C63A9-C53F-4AB6-9DCB-1FB2A60CD113}
		{D387DC7D-CA10-47BC-B703-709BB03FC3A2} = {81D8766E-FBD9-48B0-A23E-6C0F2BA25349}
		{12B4AD86-B27C-46EE-A3BC-DADEB6E098D6} = {73FC5C06-9665-4BC4-893D-987172B5B56A}
	EndGlobalSection
EndGlobal
